// !$*UTF8*$!
{
	archiveVersion = 1;
	classes = {
	};
	objectVersion = 50;
	objects = {

/* Begin PBXBuildFile section */
		D612E756240F53B500002A61 /* SettingsViewController.swift in Sources */ = {isa = PBXBuildFile; fileRef = D612E755240F53B400002A61 /* SettingsViewController.swift */; };
		D626DF5823DD2D09005B91C9 /* AppDelegate.swift in Sources */ = {isa = PBXBuildFile; fileRef = D626DF5723DD2D09005B91C9 /* AppDelegate.swift */; };
		D626DF5A23DD2D09005B91C9 /* SceneDelegate.swift in Sources */ = {isa = PBXBuildFile; fileRef = D626DF5923DD2D09005B91C9 /* SceneDelegate.swift */; };
		D626DF5C23DD2D09005B91C9 /* ViewController.swift in Sources */ = {isa = PBXBuildFile; fileRef = D626DF5B23DD2D09005B91C9 /* ViewController.swift */; };
		D626DF5F23DD2D09005B91C9 /* Main.storyboard in Resources */ = {isa = PBXBuildFile; fileRef = D626DF5D23DD2D09005B91C9 /* Main.storyboard */; };
		D626DF6123DD2D0C005B91C9 /* Assets.xcassets in Resources */ = {isa = PBXBuildFile; fileRef = D626DF6023DD2D0C005B91C9 /* Assets.xcassets */; };
		D626DF6423DD2D0C005B91C9 /* LaunchScreen.storyboard in Resources */ = {isa = PBXBuildFile; fileRef = D626DF6223DD2D0C005B91C9 /* LaunchScreen.storyboard */; };
		D626DF6E23DD2EAA005B91C9 /* ClockViewController.swift in Sources */ = {isa = PBXBuildFile; fileRef = D626DF6D23DD2EAA005B91C9 /* ClockViewController.swift */; };
/* End PBXBuildFile section */

/* Begin PBXFileReference section */
		D612E755240F53B400002A61 /* SettingsViewController.swift */ = {isa = PBXFileReference; lastKnownFileType = sourcecode.swift; path = SettingsViewController.swift; sourceTree = "<group>"; };
		D626DF5423DD2D09005B91C9 /* Clocks.app */ = {isa = PBXFileReference; explicitFileType = wrapper.application; includeInIndex = 0; path = Clocks.app; sourceTree = BUILT_PRODUCTS_DIR; };
		D626DF5723DD2D09005B91C9 /* AppDelegate.swift */ = {isa = PBXFileReference; lastKnownFileType = sourcecode.swift; path = AppDelegate.swift; sourceTree = "<group>"; };
		D626DF5923DD2D09005B91C9 /* SceneDelegate.swift */ = {isa = PBXFileReference; lastKnownFileType = sourcecode.swift; path = SceneDelegate.swift; sourceTree = "<group>"; };
		D626DF5B23DD2D09005B91C9 /* ViewController.swift */ = {isa = PBXFileReference; lastKnownFileType = sourcecode.swift; path = ViewController.swift; sourceTree = "<group>"; };
		D626DF5E23DD2D09005B91C9 /* Base */ = {isa = PBXFileReference; lastKnownFileType = file.storyboard; name = Base; path = Base.lproj/Main.storyboard; sourceTree = "<group>"; };
		D626DF6023DD2D0C005B91C9 /* Assets.xcassets */ = {isa = PBXFileReference; lastKnownFileType = folder.assetcatalog; path = Assets.xcassets; sourceTree = "<group>"; };
		D626DF6323DD2D0C005B91C9 /* Base */ = {isa = PBXFileReference; lastKnownFileType = file.storyboard; name = Base; path = Base.lproj/LaunchScreen.storyboard; sourceTree = "<group>"; };
		D626DF6523DD2D0C005B91C9 /* Info.plist */ = {isa = PBXFileReference; lastKnownFileType = text.plist.xml; path = Info.plist; sourceTree = "<group>"; };
		D626DF6D23DD2EAA005B91C9 /* ClockViewController.swift */ = {isa = PBXFileReference; lastKnownFileType = sourcecode.swift; path = ClockViewController.swift; sourceTree = "<group>"; };
/* End PBXFileReference section */

/* Begin PBXFrameworksBuildPhase section */
		D626DF5123DD2D09005B91C9 /* Frameworks */ = {
			isa = PBXFrameworksBuildPhase;
			buildActionMask = 2147483647;
			files = (
			);
			runOnlyForDeploymentPostprocessing = 0;
		};
/* End PBXFrameworksBuildPhase section */

/* Begin PBXGroup section */
		D626DF4B23DD2D09005B91C9 = {
			isa = PBXGroup;
			children = (
				D626DF5623DD2D09005B91C9 /* Clocks */,
				D626DF5523DD2D09005B91C9 /* Products */,
			);
			sourceTree = "<group>";
		};
		D626DF5523DD2D09005B91C9 /* Products */ = {
			isa = PBXGroup;
			children = (
				D626DF5423DD2D09005B91C9 /* Clocks.app */,
			);
			name = Products;
			sourceTree = "<group>";
		};
		D626DF5623DD2D09005B91C9 /* Clocks */ = {
			isa = PBXGroup;
			children = (
				D626DF5723DD2D09005B91C9 /* AppDelegate.swift */,
				D626DF5923DD2D09005B91C9 /* SceneDelegate.swift */,
				D626DF5B23DD2D09005B91C9 /* ViewController.swift */,
				D626DF5D23DD2D09005B91C9 /* Main.storyboard */,
				D626DF6023DD2D0C005B91C9 /* Assets.xcassets */,
				D626DF6223DD2D0C005B91C9 /* LaunchScreen.storyboard */,
				D626DF6523DD2D0C005B91C9 /* Info.plist */,
				D626DF6D23DD2EAA005B91C9 /* ClockViewController.swift */,
				D612E755240F53B400002A61 /* SettingsViewController.swift */,
			);
			path = Clocks;
			sourceTree = "<group>";
		};
/* End PBXGroup section */

/* Begin PBXNativeTarget section */
		D626DF5323DD2D09005B91C9 /* Clocks */ = {
			isa = PBXNativeTarget;
			buildConfigurationList = D626DF6823DD2D0C005B91C9 /* Build configuration list for PBXNativeTarget "Clocks" */;
			buildPhases = (
				D626DF5023DD2D09005B91C9 /* Sources */,
				D626DF5123DD2D09005B91C9 /* Frameworks */,
				D626DF5223DD2D09005B91C9 /* Resources */,
			);
			buildRules = (
			);
			dependencies = (
			);
			name = Clocks;
			productName = Clocks;
			productReference = D626DF5423DD2D09005B91C9 /* Clocks.app */;
			productType = "com.apple.product-type.application";
		};
/* End PBXNativeTarget section */

/* Begin PBXProject section */
		D626DF4C23DD2D09005B91C9 /* Project object */ = {
			isa = PBXProject;
			attributes = {
				LastSwiftUpdateCheck = 1120;
				LastUpgradeCheck = 1120;
				ORGANIZATIONNAME = "Brian Cooke";
				TargetAttributes = {
					D626DF5323DD2D09005B91C9 = {
						CreatedOnToolsVersion = 11.2;
					};
				};
			};
			buildConfigurationList = D626DF4F23DD2D09005B91C9 /* Build configuration list for PBXProject "Clocks" */;
			compatibilityVersion = "Xcode 9.3";
			developmentRegion = en;
			hasScannedForEncodings = 0;
			knownRegions = (
				en,
				Base,
			);
			mainGroup = D626DF4B23DD2D09005B91C9;
			productRefGroup = D626DF5523DD2D09005B91C9 /* Products */;
			projectDirPath = "";
			projectRoot = "";
			targets = (
				D626DF5323DD2D09005B91C9 /* Clocks */,
			);
		};
/* End PBXProject section */

/* Begin PBXResourcesBuildPhase section */
		D626DF5223DD2D09005B91C9 /* Resources */ = {
			isa = PBXResourcesBuildPhase;
			buildActionMask = 2147483647;
			files = (
				D626DF6423DD2D0C005B91C9 /* LaunchScreen.storyboard in Resources */,
				D626DF6123DD2D0C005B91C9 /* Assets.xcassets in Resources */,
				D626DF5F23DD2D09005B91C9 /* Main.storyboard in Resources */,
			);
			runOnlyForDeploymentPostprocessing = 0;
		};
/* End PBXResourcesBuildPhase section */

/* Begin PBXSourcesBuildPhase section */
		D626DF5023DD2D09005B91C9 /* Sources */ = {
			isa = PBXSourcesBuildPhase;
			buildActionMask = 2147483647;
			files = (
				D626DF5C23DD2D09005B91C9 /* ViewController.swift in Sources */,
				D626DF5823DD2D09005B91C9 /* AppDelegate.swift in Sources */,
				D626DF6E23DD2EAA005B91C9 /* ClockViewController.swift in Sources */,
				D612E756240F53B500002A61 /* SettingsViewController.swift in Sources */,
				D626DF5A23DD2D09005B91C9 /* SceneDelegate.swift in Sources */,
			);
			runOnlyForDeploymentPostprocessing = 0;
		};
/* End PBXSourcesBuildPhase section */

/* Begin PBXVariantGroup section */
		D626DF5D23DD2D09005B91C9 /* Main.storyboard */ = {
			isa = PBXVariantGroup;
			children = (
				D626DF5E23DD2D09005B91C9 /* Base */,
			);
			name = Main.storyboard;
			sourceTree = "<group>";
		};
		D626DF6223DD2D0C005B91C9 /* LaunchScreen.storyboard */ = {
			isa = PBXVariantGroup;
			children = (
				D626DF6323DD2D0C005B91C9 /* Base */,
			);
			name = LaunchScreen.storyboard;
			sourceTree = "<group>";
		};
/* End PBXVariantGroup section */

/* Begin XCBuildConfiguration section */
		D626DF6623DD2D0C005B91C9 /* Debug */ = {
			isa = XCBuildConfiguration;
			buildSettings = {
				ALWAYS_SEARCH_USER_PATHS = NO;
				CLANG_ANALYZER_NONNULL = YES;
				CLANG_ANALYZER_NUMBER_OBJECT_CONVERSION = YES_AGGRESSIVE;
				CLANG_CXX_LANGUAGE_STANDARD = "gnu++14";
				CLANG_CXX_LIBRARY = "libc++";
				CLANG_ENABLE_MODULES = YES;
				CLANG_ENABLE_OBJC_ARC = YES;
				CLANG_ENABLE_OBJC_WEAK = YES;
				CLANG_WARN_BLOCK_CAPTURE_AUTORELEASING = YES;
				CLANG_WARN_BOOL_CONVERSION = YES;
				CLANG_WARN_COMMA = YES;
				CLANG_WARN_CONSTANT_CONVERSION = YES;
				CLANG_WARN_DEPRECATED_OBJC_IMPLEMENTATIONS = YES;
				CLANG_WARN_DIRECT_OBJC_ISA_USAGE = YES_ERROR;
				CLANG_WARN_DOCUMENTATION_COMMENTS = YES;
				CLANG_WARN_EMPTY_BODY = YES;
				CLANG_WARN_ENUM_CONVERSION = YES;
				CLANG_WARN_INFINITE_RECURSION = YES;
				CLANG_WARN_INT_CONVERSION = YES;
				CLANG_WARN_NON_LITERAL_NULL_CONVERSION = YES;
				CLANG_WARN_OBJC_IMPLICIT_RETAIN_SELF = YES;
				CLANG_WARN_OBJC_LITERAL_CONVERSION = YES;
				CLANG_WARN_OBJC_ROOT_CLASS = YES_ERROR;
				CLANG_WARN_RANGE_LOOP_ANALYSIS = YES;
				CLANG_WARN_STRICT_PROTOTYPES = YES;
				CLANG_WARN_SUSPICIOUS_MOVE = YES;
				CLANG_WARN_UNGUARDED_AVAILABILITY = YES_AGGRESSIVE;
				CLANG_WARN_UNREACHABLE_CODE = YES;
				CLANG_WARN__DUPLICATE_METHOD_MATCH = YES;
				COPY_PHASE_STRIP = NO;
				DEBUG_INFORMATION_FORMAT = dwarf;
				ENABLE_STRICT_OBJC_MSGSEND = YES;
				ENABLE_TESTABILITY = YES;
				GCC_C_LANGUAGE_STANDARD = gnu11;
				GCC_DYNAMIC_NO_PIC = NO;
				GCC_NO_COMMON_BLOCKS = YES;
				GCC_OPTIMIZATION_LEVEL = 0;
				GCC_PREPROCESSOR_DEFINITIONS = (
					"DEBUG=1",
					"$(inherited)",
				);
				GCC_WARN_64_TO_32_BIT_CONVERSION = YES;
				GCC_WARN_ABOUT_RETURN_TYPE = YES_ERROR;
				GCC_WARN_UNDECLARED_SELECTOR = YES;
				GCC_WARN_UNINITIALIZED_AUTOS = YES_AGGRESSIVE;
				GCC_WARN_UNUSED_FUNCTION = YES;
				GCC_WARN_UNUSED_VARIABLE = YES;
				IPHONEOS_DEPLOYMENT_TARGET = 13.2;
				MTL_ENABLE_DEBUG_INFO = INCLUDE_SOURCE;
				MTL_FAST_MATH = YES;
				ONLY_ACTIVE_ARCH = YES;
				SDKROOT = iphoneos;
				SWIFT_ACTIVE_COMPILATION_CONDITIONS = DEBUG;
				SWIFT_OPTIMIZATION_LEVEL = "-Onone";
			};
			name = Debug;
		};
		D626DF6723DD2D0C005B91C9 /* Release */ = {
			isa = XCBuildConfiguration;
			buildSettings = {
				ALWAYS_SEARCH_USER_PATHS = NO;
				CLANG_ANALYZER_NONNULL = YES;
				CLANG_ANALYZER_NUMBER_OBJECT_CONVERSION = YES_AGGRESSIVE;
				CLANG_CXX_LANGUAGE_STANDARD = "gnu++14";
				CLANG_CXX_LIBRARY = "libc++";
				CLANG_ENABLE_MODULES = YES;
				CLANG_ENABLE_OBJC_ARC = YES;
				CLANG_ENABLE_OBJC_WEAK = YES;
				CLANG_WARN_BLOCK_CAPTURE_AUTORELEASING = YES;
				CLANG_WARN_BOOL_CONVERSION = YES;
				CLANG_WARN_COMMA = YES;
				CLANG_WARN_CONSTANT_CONVERSION = YES;
				CLANG_WARN_DEPRECATED_OBJC_IMPLEMENTATIONS = YES;
				CLANG_WARN_DIRECT_OBJC_ISA_USAGE = YES_ERROR;
				CLANG_WARN_DOCUMENTATION_COMMENTS = YES;
				CLANG_WARN_EMPTY_BODY = YES;
				CLANG_WARN_ENUM_CONVERSION = YES;
				CLANG_WARN_INFINITE_RECURSION = YES;
				CLANG_WARN_INT_CONVERSION = YES;
				CLANG_WARN_NON_LITERAL_NULL_CONVERSION = YES;
				CLANG_WARN_OBJC_IMPLICIT_RETAIN_SELF = YES;
				CLANG_WARN_OBJC_LITERAL_CONVERSION = YES;
				CLANG_WARN_OBJC_ROOT_CLASS = YES_ERROR;
				CLANG_WARN_RANGE_LOOP_ANALYSIS = YES;
				CLANG_WARN_STRICT_PROTOTYPES = YES;
				CLANG_WARN_SUSPICIOUS_MOVE = YES;
				CLANG_WARN_UNGUARDED_AVAILABILITY = YES_AGGRESSIVE;
				CLANG_WARN_UNREACHABLE_CODE = YES;
				CLANG_WARN__DUPLICATE_METHOD_MATCH = YES;
				COPY_PHASE_STRIP = NO;
				DEBUG_INFORMATION_FORMAT = "dwarf-with-dsym";
				ENABLE_NS_ASSERTIONS = NO;
				ENABLE_STRICT_OBJC_MSGSEND = YES;
				GCC_C_LANGUAGE_STANDARD = gnu11;
				GCC_NO_COMMON_BLOCKS = YES;
				GCC_WARN_64_TO_32_BIT_CONVERSION = YES;
				GCC_WARN_ABOUT_RETURN_TYPE = YES_ERROR;
				GCC_WARN_UNDECLARED_SELECTOR = YES;
				GCC_WARN_UNINITIALIZED_AUTOS = YES_AGGRESSIVE;
				GCC_WARN_UNUSED_FUNCTION = YES;
				GCC_WARN_UNUSED_VARIABLE = YES;
				IPHONEOS_DEPLOYMENT_TARGET = 13.2;
				MTL_ENABLE_DEBUG_INFO = NO;
				MTL_FAST_MATH = YES;
				SDKROOT = iphoneos;
				SWIFT_COMPILATION_MODE = wholemodule;
				SWIFT_OPTIMIZATION_LEVEL = "-O";
				VALIDATE_PRODUCT = YES;
			};
			name = Release;
		};
		D626DF6923DD2D0C005B91C9 /* Debug */ = {
			isa = XCBuildConfiguration;
			buildSettings = {
				ASSETCATALOG_COMPILER_APPICON_NAME = AppIcon;
				CODE_SIGN_STYLE = Automatic;
				INFOPLIST_FILE = Clocks/Info.plist;
				LD_RUNPATH_SEARCH_PATHS = (
					"$(inherited)",
					"@executable_path/Frameworks",
				);
				PRODUCT_BUNDLE_IDENTIFIER = tonic889.Clocks;
				PRODUCT_NAME = "$(TARGET_NAME)";
				SWIFT_VERSION = 5.0;
				TARGETED_DEVICE_FAMILY = "1,2";
			};
			name = Debug;
		};
		D626DF6A23DD2D0C005B91C9 /* Release */ = {
			isa = XCBuildConfiguration;
			buildSettings = {
				ASSETCATALOG_COMPILER_APPICON_NAME = AppIcon;
				CODE_SIGN_STYLE = Automatic;
				INFOPLIST_FILE = Clocks/Info.plist;
				LD_RUNPATH_SEARCH_PATHS = (
					"$(inherited)",
					"@executable_path/Frameworks",
				);
				PRODUCT_BUNDLE_IDENTIFIER = tonic889.Clocks;
				PRODUCT_NAME = "$(TARGET_NAME)";
				SWIFT_VERSION = 5.0;
				TARGETED_DEVICE_FAMILY = "1,2";
			};
			name = Release;
		};
/* End XCBuildConfiguration section */

/* Begin XCConfigurationList section */
		D626DF4F23DD2D09005B91C9 /* Build configuration list for PBXProject "Clocks" */ = {
			isa = XCConfigurationList;
			buildConfigurations = (
				D626DF6623DD2D0C005B91C9 /* Debug */,
				D626DF6723DD2D0C005B91C9 /* Release */,
			);
			defaultConfigurationIsVisible = 0;
			defaultConfigurationName = Release;
		};
		D626DF6823DD2D0C005B91C9 /* Build configuration list for PBXNativeTarget "Clocks" */ = {
			isa = XCConfigurationList;
			buildConfigurations = (
				D626DF6923DD2D0C005B91C9 /* Debug */,
				D626DF6A23DD2D0C005B91C9 /* Release */,
			);
			defaultConfigurationIsVisible = 0;
			defaultConfigurationName = Release;
		};
/* End XCConfigurationList section */
	};
	rootObject = D626DF4C23DD2D09005B91C9 /* Project object */;
}
